
Microsoft Visual Studio Solution File, Format Version 12.00
# Visual Studio Version 17
VisualStudioVersion = 17.14.36518.9 d17.14
MinimumVisualStudioVersion = 10.0.40219.1
Project("{FAE04EC0-301F-11D3-BF4B-00C04F79EFBC}") = "Subiect 8", "Subiect 8.csproj", "{ED3DC47E-E2E8-4E82-80EC-6BB77A6EE9BD}"
EndProject
Global
	GlobalSection(SolutionConfigurationPlatforms) = preSolution
		Debug|Any CPU = Debug|Any CPU
		Release|Any CPU = Release|Any CPU
	EndGlobalSection
	GlobalSection(ProjectConfigurationPlatforms) = postSolution
		{ED3DC47E-E2E8-4E82-80EC-6BB77A6EE9BD}.Debug|Any CPU.ActiveCfg = Debug|Any CPU
		{ED3DC47E-E2E8-4E82-80EC-6BB77A6EE9BD}.Debug|Any CPU.Build.0 = Debug|Any CPU
		{ED3DC47E-E2E8-4E82-80EC-6BB77A6EE9BD}.Release|Any CPU.ActiveCfg = Release|Any CPU
		{ED3DC47E-E2E8-4E82-80EC-6BB77A6EE9BD}.Release|Any CPU.Build.0 = Release|Any CPU
	EndGlobalSection
	GlobalSection(SolutionProperties) = preSolution
		HideSolutionNode = FALSE
	EndGlobalSection
	GlobalSection(ExtensibilityGlobals) = postSolution
		SolutionGuid = {84FACEB9-068A-4A90-B1E1-376723A114AE}
	EndGlobalSection
EndGlobal
