
Microsoft Visual Studio Solution File, Format Version 12.00
# Visual Studio Version 17
VisualStudioVersion = 17.14.36518.9 d17.14
MinimumVisualStudioVersion = 10.0.40219.1
Project("{FAE04EC0-301F-11D3-BF4B-00C04F79EFBC}") = "seminar5", "seminar5.csproj", "{78CA9F33-570F-43CA-A0F1-AED749FFF6CC}"
EndProject
Global
	GlobalSection(SolutionConfigurationPlatforms) = preSolution
		Debug|Any CPU = Debug|Any CPU
		Release|Any CPU = Release|Any CPU
	EndGlobalSection
	GlobalSection(ProjectConfigurationPlatforms) = postSolution
		{78CA9F33-570F-43CA-A0F1-AED749FFF6CC}.Debug|Any CPU.ActiveCfg = Debug|Any CPU
		{78CA9F33-570F-43CA-A0F1-AED749FFF6CC}.Debug|Any CPU.Build.0 = Debug|Any CPU
		{78CA9F33-570F-43CA-A0F1-AED749FFF6CC}.Release|Any CPU.ActiveCfg = Release|Any CPU
		{78CA9F33-570F-43CA-A0F1-AED749FFF6CC}.Release|Any CPU.Build.0 = Release|Any CPU
	EndGlobalSection
	GlobalSection(SolutionProperties) = preSolution
		HideSolutionNode = FALSE
	EndGlobalSection
	GlobalSection(ExtensibilityGlobals) = postSolution
		SolutionGuid = {8CC08024-9737-4A62-9146-33B9262F8137}
	EndGlobalSection
EndGlobal
