
Microsoft Visual Studio Solution File, Format Version 12.00
# Visual Studio Version 17
VisualStudioVersion = 17.14.36518.9 d17.14
MinimumVisualStudioVersion = 10.0.40219.1
Project("{FAE04EC0-301F-11D3-BF4B-00C04F79EFBC}") = "seminar7", "seminar7.csproj", "{5381C1E9-A059-4A6B-9D95-7979A7688BA3}"
EndProject
Global
	GlobalSection(SolutionConfigurationPlatforms) = preSolution
		Debug|Any CPU = Debug|Any CPU
		Release|Any CPU = Release|Any CPU
	EndGlobalSection
	GlobalSection(ProjectConfigurationPlatforms) = postSolution
		{5381C1E9-A059-4A6B-9D95-7979A7688BA3}.Debug|Any CPU.ActiveCfg = Debug|Any CPU
		{5381C1E9-A059-4A6B-9D95-7979A7688BA3}.Debug|Any CPU.Build.0 = Debug|Any CPU
		{5381C1E9-A059-4A6B-9D95-7979A7688BA3}.Release|Any CPU.ActiveCfg = Release|Any CPU
		{5381C1E9-A059-4A6B-9D95-7979A7688BA3}.Release|Any CPU.Build.0 = Release|Any CPU
	EndGlobalSection
	GlobalSection(SolutionProperties) = preSolution
		HideSolutionNode = FALSE
	EndGlobalSection
	GlobalSection(ExtensibilityGlobals) = postSolution
		SolutionGuid = {8198B78F-12C0-46A4-B1CF-3F3454CE5C7D}
	EndGlobalSection
EndGlobal
